
Microsoft Visual Studio Solution File, Format Version 12.00
# Visual Studio Version 17
VisualStudioVersion = 17.1.32104.313
MinimumVisualStudioVersion = 10.0.40219.1
Project("{9A19103F-16F7-4668-BE54-9A1E7A4F7556}") = "TestThetiptop", "TestThetiptop\TestThetiptop.csproj", "{F11712BF-5C33-4848-BD06-8C46A194300B}"
EndProject
Project("{9A19103F-16F7-4668-BE54-9A1E7A4F7556}") = "API", "API\API.csproj", "{974380D6-9EB4-453F-96BD-49695F683237}"
EndProject
Global
	GlobalSection(SolutionConfigurationPlatforms) = preSolution
		Debug|Any CPU = Debug|Any CPU
		Release|Any CPU = Release|Any CPU
	EndGlobalSection
	GlobalSection(ProjectConfigurationPlatforms) = postSolution
		{F11712BF-5C33-4848-BD06-8C46A194300B}.Debug|Any CPU.ActiveCfg = Debug|Any CPU
		{F11712BF-5C33-4848-BD06-8C46A194300B}.Debug|Any CPU.Build.0 = Debug|Any CPU
		{F11712BF-5C33-4848-BD06-8C46A194300B}.Release|Any CPU.ActiveCfg = Release|Any CPU
		{F11712BF-5C33-4848-BD06-8C46A194300B}.Release|Any CPU.Build.0 = Release|Any CPU
		{974380D6-9EB4-453F-96BD-49695F683237}.Debug|Any CPU.ActiveCfg = Debug|Any CPU
		{974380D6-9EB4-453F-96BD-49695F683237}.Debug|Any CPU.Build.0 = Debug|Any CPU
		{974380D6-9EB4-453F-96BD-49695F683237}.Release|Any CPU.ActiveCfg = Release|Any CPU
		{974380D6-9EB4-453F-96BD-49695F683237}.Release|Any CPU.Build.0 = Release|Any CPU
	EndGlobalSection
	GlobalSection(SolutionProperties) = preSolution
		HideSolutionNode = FALSE
	EndGlobalSection
	GlobalSection(ExtensibilityGlobals) = postSolution
		SolutionGuid = {5F5FB0A7-C8C0-4E28-8155-F123B9090564}
	EndGlobalSection
EndGlobal
